
Microsoft Visual Studio Solution File, Format Version 12.00
# Visual Studio Version 17
VisualStudioVersion = 17.5.002.0
MinimumVisualStudioVersion = 10.0.40219.1
Project("{9A19103F-16F7-4668-BE54-9A1E7A4F7556}") = "ApiIntegrationService", "ApiIntegrationService.csproj", "{F3E18AE4-B61E-4BEB-952F-B09374B2702E}"
EndProject
Global
	GlobalSection(SolutionConfigurationPlatforms) = preSolution
		Debug|Any CPU = Debug|Any CPU
		Release|Any CPU = Release|Any CPU
	EndGlobalSection
	GlobalSection(ProjectConfigurationPlatforms) = postSolution
		{F3E18AE4-B61E-4BEB-952F-B09374B2702E}.Debug|Any CPU.ActiveCfg = Debug|Any CPU
		{F3E18AE4-B61E-4BEB-952F-B09374B2702E}.Debug|Any CPU.Build.0 = Debug|Any CPU
		{F3E18AE4-B61E-4BEB-952F-B09374B2702E}.Release|Any CPU.ActiveCfg = Release|Any CPU
		{F3E18AE4-B61E-4BEB-952F-B09374B2702E}.Release|Any CPU.Build.0 = Release|Any CPU
	EndGlobalSection
	GlobalSection(SolutionProperties) = preSolution
		HideSolutionNode = FALSE
	EndGlobalSection
	GlobalSection(ExtensibilityGlobals) = postSolution
		SolutionGuid = {738A6620-EF15-415B-828B-367812E4618F}
	EndGlobalSection
EndGlobal
